
Microsoft Visual Studio Solution File, Format Version 12.00
# Visual Studio Version 17
VisualStudioVersion = 17.5.002.0
MinimumVisualStudioVersion = 10.0.40219.1
Project("{9A19103F-16F7-4668-BE54-9A1E7A4F7556}") = "UniversalApi", "UniversalApi.csproj", "{127EFBE8-B43C-4403-B193-5F302741B8B6}"
EndProject
Global
	GlobalSection(SolutionConfigurationPlatforms) = preSolution
		Debug|Any CPU = Debug|Any CPU
		Release|Any CPU = Release|Any CPU
	EndGlobalSection
	GlobalSection(ProjectConfigurationPlatforms) = postSolution
		{127EFBE8-B43C-4403-B193-5F302741B8B6}.Debug|Any CPU.ActiveCfg = Debug|Any CPU
		{127EFBE8-B43C-4403-B193-5F302741B8B6}.Debug|Any CPU.Build.0 = Debug|Any CPU
		{127EFBE8-B43C-4403-B193-5F302741B8B6}.Release|Any CPU.ActiveCfg = Release|Any CPU
		{127EFBE8-B43C-4403-B193-5F302741B8B6}.Release|Any CPU.Build.0 = Release|Any CPU
	EndGlobalSection
	GlobalSection(SolutionProperties) = preSolution
		HideSolutionNode = FALSE
	EndGlobalSection
	GlobalSection(ExtensibilityGlobals) = postSolution
		SolutionGuid = {3B3D52ED-2984-4A76-ADEC-562FA05A69CF}
	EndGlobalSection
EndGlobal
